
Microsoft Visual Studio Solution File, Format Version 12.00
# Visual Studio Version 17
VisualStudioVersion = 17.5.33627.172
MinimumVisualStudioVersion = 10.0.40219.1
Project("{9A19103F-16F7-4668-BE54-9A1E7A4F7556}") = "UnitTesting", "UnitTesting\UnitTesting.csproj", "{78EFB224-D343-4CEC-9657-0714DE96B4D3}"
EndProject
Project("{9A19103F-16F7-4668-BE54-9A1E7A4F7556}") = "Shared", "Shared\Shared.csproj", "{BB20D37B-4D1A-4D1F-BE90-EC449FE344B8}"
EndProject
Project("{9A19103F-16F7-4668-BE54-9A1E7A4F7556}") = "DataStructures", "DataStructures\DataStructures.csproj", "{7A59FAC7-B010-4D17-8A64-D7D3783DBFFE}"
EndProject
Project("{9A19103F-16F7-4668-BE54-9A1E7A4F7556}") = "CodingChallenges", "CodingChallenges\CodingChallenges.csproj", "{1CFECE03-CAED-4F6D-A515-539F6CC3B1A0}"
EndProject
Project("{FAE04EC0-301F-11D3-BF4B-00C04F79EFBC}") = "Algorithms", "Algorithms\Algorithms.csproj", "{96CF68AA-2B6D-48B0-8F12-83253F400E1A}"
EndProject
Global
	GlobalSection(SolutionConfigurationPlatforms) = preSolution
		Debug|Any CPU = Debug|Any CPU
		Release|Any CPU = Release|Any CPU
	EndGlobalSection
	GlobalSection(ProjectConfigurationPlatforms) = postSolution
		{78EFB224-D343-4CEC-9657-0714DE96B4D3}.Debug|Any CPU.ActiveCfg = Debug|Any CPU
		{78EFB224-D343-4CEC-9657-0714DE96B4D3}.Debug|Any CPU.Build.0 = Debug|Any CPU
		{78EFB224-D343-4CEC-9657-0714DE96B4D3}.Release|Any CPU.ActiveCfg = Release|Any CPU
		{78EFB224-D343-4CEC-9657-0714DE96B4D3}.Release|Any CPU.Build.0 = Release|Any CPU
		{BB20D37B-4D1A-4D1F-BE90-EC449FE344B8}.Debug|Any CPU.ActiveCfg = Debug|Any CPU
		{BB20D37B-4D1A-4D1F-BE90-EC449FE344B8}.Debug|Any CPU.Build.0 = Debug|Any CPU
		{BB20D37B-4D1A-4D1F-BE90-EC449FE344B8}.Release|Any CPU.ActiveCfg = Release|Any CPU
		{BB20D37B-4D1A-4D1F-BE90-EC449FE344B8}.Release|Any CPU.Build.0 = Release|Any CPU
		{7A59FAC7-B010-4D17-8A64-D7D3783DBFFE}.Debug|Any CPU.ActiveCfg = Debug|Any CPU
		{7A59FAC7-B010-4D17-8A64-D7D3783DBFFE}.Debug|Any CPU.Build.0 = Debug|Any CPU
		{7A59FAC7-B010-4D17-8A64-D7D3783DBFFE}.Release|Any CPU.ActiveCfg = Release|Any CPU
		{7A59FAC7-B010-4D17-8A64-D7D3783DBFFE}.Release|Any CPU.Build.0 = Release|Any CPU
		{1CFECE03-CAED-4F6D-A515-539F6CC3B1A0}.Debug|Any CPU.ActiveCfg = Debug|Any CPU
		{1CFECE03-CAED-4F6D-A515-539F6CC3B1A0}.Debug|Any CPU.Build.0 = Debug|Any CPU
		{1CFECE03-CAED-4F6D-A515-539F6CC3B1A0}.Release|Any CPU.ActiveCfg = Release|Any CPU
		{1CFECE03-CAED-4F6D-A515-539F6CC3B1A0}.Release|Any CPU.Build.0 = Release|Any CPU
		{96CF68AA-2B6D-48B0-8F12-83253F400E1A}.Debug|Any CPU.ActiveCfg = Debug|Any CPU
		{96CF68AA-2B6D-48B0-8F12-83253F400E1A}.Debug|Any CPU.Build.0 = Debug|Any CPU
		{96CF68AA-2B6D-48B0-8F12-83253F400E1A}.Release|Any CPU.ActiveCfg = Release|Any CPU
		{96CF68AA-2B6D-48B0-8F12-83253F400E1A}.Release|Any CPU.Build.0 = Release|Any CPU
	EndGlobalSection
	GlobalSection(SolutionProperties) = preSolution
		HideSolutionNode = FALSE
	EndGlobalSection
	GlobalSection(ExtensibilityGlobals) = postSolution
		SolutionGuid = {6350B957-9C5B-451B-BF05-395BEC9CC4D9}
	EndGlobalSection
EndGlobal
